
Microsoft Visual Studio Solution File, Format Version 12.00
# Visual Studio 15
VisualStudioVersion = 15.0.26730.3
MinimumVisualStudioVersion = 10.0.40219.1
Project("{FAE04EC0-301F-11D3-BF4B-00C04F79EFBC}") = "Interface", "TesteAuthorization\Interface.csproj", "{C76796AD-43BB-4571-8377-E2B6D8BF2109}"
EndProject
Project("{FAE04EC0-301F-11D3-BF4B-00C04F79EFBC}") = "Domain", "Domain\Domain.csproj", "{45B4FD21-9D7E-43FB-9F0A-4F86AFBA74DF}"
EndProject
Project("{FAE04EC0-301F-11D3-BF4B-00C04F79EFBC}") = "WebApplication", "WebApplication\WebApplication.csproj", "{042F4D20-D2BF-4ADA-9A0E-CED84301D55A}"
EndProject
Global
	GlobalSection(SolutionConfigurationPlatforms) = preSolution
		Debug|Any CPU = Debug|Any CPU
		Release|Any CPU = Release|Any CPU
	EndGlobalSection
	GlobalSection(ProjectConfigurationPlatforms) = postSolution
		{C76796AD-43BB-4571-8377-E2B6D8BF2109}.Debug|Any CPU.ActiveCfg = Debug|Any CPU
		{C76796AD-43BB-4571-8377-E2B6D8BF2109}.Debug|Any CPU.Build.0 = Debug|Any CPU
		{C76796AD-43BB-4571-8377-E2B6D8BF2109}.Release|Any CPU.ActiveCfg = Release|Any CPU
		{C76796AD-43BB-4571-8377-E2B6D8BF2109}.Release|Any CPU.Build.0 = Release|Any CPU
		{45B4FD21-9D7E-43FB-9F0A-4F86AFBA74DF}.Debug|Any CPU.ActiveCfg = Debug|Any CPU
		{45B4FD21-9D7E-43FB-9F0A-4F86AFBA74DF}.Debug|Any CPU.Build.0 = Debug|Any CPU
		{45B4FD21-9D7E-43FB-9F0A-4F86AFBA74DF}.Release|Any CPU.ActiveCfg = Release|Any CPU
		{45B4FD21-9D7E-43FB-9F0A-4F86AFBA74DF}.Release|Any CPU.Build.0 = Release|Any CPU
		{042F4D20-D2BF-4ADA-9A0E-CED84301D55A}.Debug|Any CPU.ActiveCfg = Debug|Any CPU
		{042F4D20-D2BF-4ADA-9A0E-CED84301D55A}.Debug|Any CPU.Build.0 = Debug|Any CPU
		{042F4D20-D2BF-4ADA-9A0E-CED84301D55A}.Release|Any CPU.ActiveCfg = Release|Any CPU
		{042F4D20-D2BF-4ADA-9A0E-CED84301D55A}.Release|Any CPU.Build.0 = Release|Any CPU
	EndGlobalSection
	GlobalSection(SolutionProperties) = preSolution
		HideSolutionNode = FALSE
	EndGlobalSection
	GlobalSection(ExtensibilityGlobals) = postSolution
		SolutionGuid = {85A2D037-5948-4893-9B5D-DC64E375A7EF}
	EndGlobalSection
EndGlobal
